<?xml version="1.0" encoding="utf-8"?>
<Project ToolsVersion="4.0" xmlns="http://schemas.microsoft.com/developer/msbuild/2003">
  <ItemGroup>
    <Filter Include="Source Files">
      <UniqueIdentifier>{4FC737F1-C7A5-4376-A066-2A32D752A2FF}</UniqueIdentifier>
      <Extensions>cpp;c;cc;cxx;def;odl;idl;hpj;bat;asm;asmx</Extensions>
    </Filter>
    <Filter Include="Header Files">
      <UniqueIdentifier>{93995380-89BD-4b04-88EB-625FBE52EBFB}</UniqueIdentifier>
      <Extensions>h;hh;hpp;hxx;hm;inl;inc;xsd</Extensions>
    </Filter>
    <Filter Include="Resource Files">
      <UniqueIdentifier>{67DA6AB6-F800-4c08-8B7A-83BB121AAD01}</UniqueIdentifier>
      <Extensions>rc;ico;cur;bmp;dlg;rc2;rct;bin;rgs;gif;jpg;jpeg;jpe;resx;tiff;tif;png;wav;mfcribbon-ms</Extensions>
    </Filter>
    <Filter Include="Resource Files\Shaders">
      <UniqueIdentifier>{6305a909-9fbf-4901-89f0-c6b9591cbb5a}</UniqueIdentifier>
    </Filter>
    <Filter Include="Source Files\Input">
      <UniqueIdentifier>{f1cce409-25b1-401d-a609-7dc8f3cf4ac2}</UniqueIdentifier>
    </Filter>
    <Filter Include="Source Files\Shaders">
      <UniqueIdentifier>{aeaa3adf-fbd8-4d19-9eba-2fae45ee396f}</UniqueIdentifier>
    </Filter>
    <Filter Include="Source Files\TestEnvironment">
      <UniqueIdentifier>{e67119de-ad51-45db-aa1d-80ccc1dae42b}</UniqueIdentifier>
    </Filter>
    <Filter Include="Source Files\TestEnvironment\Camera">
      <UniqueIdentifier>{a4d5ac11-42e9-4c93-9367-7eeb648d9761}</UniqueIdentifier>
    </Filter>
    <Filter Include="Source Files\TestEnvironment\Physics">
      <UniqueIdentifier>{416bad13-7dd9-40e6-b75d-30cd4056c0bb}</UniqueIdentifier>
    </Filter>
    <Filter Include="Source Files\TestEnvironment\Physics\PhysicObject">
      <UniqueIdentifier>{83913362-b594-469c-a0d3-c2ff0f8481db}</UniqueIdentifier>
    </Filter>
    <Filter Include="Source Files\TestEnvironment\Physics\Forces">
      <UniqueIdentifier>{d224aa8a-553e-49f1-aeae-2703815b964e}</UniqueIdentifier>
    </Filter>
    <Filter Include="Source Files\TestEnvironment\Render">
      <UniqueIdentifier>{0dcb76f7-d336-4f3f-8811-763afecbafff}</UniqueIdentifier>
    </Filter>
    <Filter Include="Source Files\TestEnvironment\Render\Meshes">
      <UniqueIdentifier>{6df51e20-56c2-4ff3-956e-8608e01532f8}</UniqueIdentifier>
    </Filter>
    <Filter Include="Source Files\TestEnvironment\Physics\Collision">
      <UniqueIdentifier>{05474620-51dd-4dd3-98f2-991576a4644d}</UniqueIdentifier>
    </Filter>
    <Filter Include="Source Files\TestEnvironment\Physics\Collision\Colliders">
      <UniqueIdentifier>{bc7b535d-9e9a-47b9-bd62-81718daaf540}</UniqueIdentifier>
    </Filter>
  </ItemGroup>
  <ItemGroup>
    <None Include="assets\Shaders\basic.frag">
      <Filter>Resource Files\Shaders</Filter>
    </None>
    <None Include="assets\Shaders\basic.vert">
      <Filter>Resource Files\Shaders</Filter>
    </None>
  </ItemGroup>
  <ItemGroup>
    <ClInclude Include="src\Input\Input.h">
      <Filter>Source Files\Input</Filter>
    </ClInclude>
    <ClInclude Include="src\Shaders\Shader.h">
      <Filter>Source Files\Shaders</Filter>
    </ClInclude>
    <ClInclude Include="src\TestEnvironment\TestEnvironment.h">
      <Filter>Source Files\TestEnvironment</Filter>
    </ClInclude>
    <ClInclude Include="src\TestEnvironment\Camera\Camera.h">
      <Filter>Source Files\TestEnvironment\Camera</Filter>
    </ClInclude>
    <ClInclude Include="src\TestEnvironment\Camera\FreeCamera.h">
      <Filter>Source Files\TestEnvironment\Camera</Filter>
    </ClInclude>
    <ClInclude Include="src\TestEnvironment\Physics\PhysicsObject\Particle.h">
      <Filter>Source Files\TestEnvironment\Physics\PhysicObject</Filter>
    </ClInclude>
    <ClInclude Include="src\TestEnvironment\Physics\PhysicsEngine.h">
      <Filter>Source Files\TestEnvironment\Physics</Filter>
    </ClInclude>
    <ClInclude Include="src\TestEnvironment\Physics\PhysicsObject\PhysicObject.h">
      <Filter>Source Files\TestEnvironment\Physics\PhysicObject</Filter>
    </ClInclude>
    <ClInclude Include="src\TestEnvironment\GameObject.h">
      <Filter>Source Files\TestEnvironment</Filter>
    </ClInclude>
    <ClInclude Include="src\TestEnvironment\Physics\PhysicsObject\PhysicObjectDesc.h">
      <Filter>Source Files\TestEnvironment\Physics\PhysicObject</Filter>
    </ClInclude>
    <ClInclude Include="src\TestEnvironment\MathGeom.h">
      <Filter>Source Files\TestEnvironment</Filter>
    </ClInclude>
    <ClInclude Include="src\TestEnvironment\Physics\PhysicsObject\IPhysicObject.h">
      <Filter>Source Files\TestEnvironment\Physics\PhysicObject</Filter>
    </ClInclude>
    <ClInclude Include="src\TestEnvironment\Physics\Forces\IForce.h">
      <Filter>Source Files\TestEnvironment\Physics\Forces</Filter>
    </ClInclude>
    <ClInclude Include="src\TestEnvironment\Physics\Forces\GravityForce.h">
      <Filter>Source Files\TestEnvironment\Physics\Forces</Filter>
    </ClInclude>
    <ClInclude Include="src\TestEnvironment\Physics\Forces\Forces.h">
      <Filter>Source Files\TestEnvironment\Physics\Forces</Filter>
    </ClInclude>
    <ClInclude Include="src\TestEnvironment\Transform.h">
      <Filter>Source Files\TestEnvironment</Filter>
    </ClInclude>
    <ClInclude Include="src\TestEnvironment\Render\Renderable.h">
      <Filter>Source Files\TestEnvironment\Render</Filter>
    </ClInclude>
    <ClInclude Include="src\TestEnvironment\Render\Meshes\Mesh.h">
      <Filter>Source Files\TestEnvironment\Render\Meshes</Filter>
    </ClInclude>
    <ClInclude Include="src\TestEnvironment\Render\Meshes\CubeMesh.h">
      <Filter>Source Files\TestEnvironment\Render\Meshes</Filter>
    </ClInclude>
    <ClInclude Include="src\TestEnvironment\Render\Meshes\SphereMesh.h">
      <Filter>Source Files\TestEnvironment\Render\Meshes</Filter>
    </ClInclude>
    <ClInclude Include="src\TestEnvironment\Render\SphereRenderable.h">
      <Filter>Source Files\TestEnvironment\Render</Filter>
    </ClInclude>
    <ClInclude Include="src\TestEnvironment\Physics\Collision\CollisionDetector.h">
      <Filter>Source Files\TestEnvironment\Physics\Collision</Filter>
    </ClInclude>
    <ClInclude Include="src\TestEnvironment\Physics\Collision\Colliders\Collider.h">
      <Filter>Source Files\TestEnvironment\Physics\Collision\Colliders</Filter>
    </ClInclude>
    <ClInclude Include="src\TestEnvironment\Physics\Collision\CollisionTest.h">
      <Filter>Source Files\TestEnvironment\Physics\Collision</Filter>
    </ClInclude>
    <ClInclude Include="src\TestEnvironment\Physics\Collision\Colliders\SphereCollider.h">
      <Filter>Source Files\TestEnvironment\Physics\Collision\Colliders</Filter>
    </ClInclude>
    <ClInclude Include="src\TestEnvironment\Physics\Collision\Colliders\ColliderDesc.h">
      <Filter>Source Files\TestEnvironment\Physics\Collision\Colliders</Filter>
    </ClInclude>
    <ClInclude Include="src\TestEnvironment\Physics\Collision\Colliders\AABBCollider.h">
      <Filter>Source Files\TestEnvironment\Physics\Collision\Colliders</Filter>
    </ClInclude>
    <ClInclude Include="src\TestEnvironment\Physics\Collision\ClosestPointOn.h">
      <Filter>Source Files\TestEnvironment\Physics\Collision</Filter>
    </ClInclude>
    <ClInclude Include="src\TestEnvironment\Physics\Collision\Colliders\PlaneCollider.h">
      <Filter>Source Files\TestEnvironment\Physics\Collision\Colliders</Filter>
    </ClInclude>
    <ClInclude Include="src\TestEnvironment\Physics\Collision\DistanceTo.h">
      <Filter>Source Files\TestEnvironment\Physics\Collision</Filter>
    </ClInclude>
    <ClInclude Include="src\TestEnvironment\Render\RenderUtils.h">
      <Filter>Source Files\TestEnvironment\Render</Filter>
    </ClInclude>
    <ClInclude Include="src\TestEnvironment\Physics\Collision\ContactData.h">
      <Filter>Source Files\TestEnvironment\Physics\Collision</Filter>
    </ClInclude>
    <ClInclude Include="src\TestEnvironment\Physics\Collision\CollisionResolver.h">
      <Filter>Source Files\TestEnvironment\Physics\Collision</Filter>
    </ClInclude>
  </ItemGroup>
  <ItemGroup>
    <ClCompile Include="src\main.cpp">
      <Filter>Source Files</Filter>
    </ClCompile>
  </ItemGroup>
</Project>